
Microsoft Visual Studio Solution File, Format Version 12.00
# Visual Studio Version 17
VisualStudioVersion = 17.0.31903.59
MinimumVisualStudioVersion = 10.0.40219.1
Project("{FAE04EC0-301F-11D3-BF4B-00C04F79EFBC}") = "EcommerceCheckout.App", "EcommerceCheckout.App\EcommerceCheckout.App.csproj", "{F81ABC50-C5E7-4A50-A7D2-A07E8FA6F255}"
EndProject
Project("{FAE04EC0-301F-11D3-BF4B-00C04F79EFBC}") = "EcommerceCheckout.Tests", "EcommerceCheckout.Tests\EcommerceCheckout.Tests.csproj", "{4A32BED2-0898-442B-BB0D-59A9EC642206}"
EndProject
Global
	GlobalSection(SolutionConfigurationPlatforms) = preSolution
		Debug|Any CPU = Debug|Any CPU
		Debug|x64 = Debug|x64
		Debug|x86 = Debug|x86
		Release|Any CPU = Release|Any CPU
		Release|x64 = Release|x64
		Release|x86 = Release|x86
	EndGlobalSection
	GlobalSection(ProjectConfigurationPlatforms) = postSolution
		{F81ABC50-C5E7-4A50-A7D2-A07E8FA6F255}.Debug|Any CPU.ActiveCfg = Debug|Any CPU
		{F81ABC50-C5E7-4A50-A7D2-A07E8FA6F255}.Debug|Any CPU.Build.0 = Debug|Any CPU
		{F81ABC50-C5E7-4A50-A7D2-A07E8FA6F255}.Debug|x64.ActiveCfg = Debug|Any CPU
		{F81ABC50-C5E7-4A50-A7D2-A07E8FA6F255}.Debug|x64.Build.0 = Debug|Any CPU
		{F81ABC50-C5E7-4A50-A7D2-A07E8FA6F255}.Debug|x86.ActiveCfg = Debug|Any CPU
		{F81ABC50-C5E7-4A50-A7D2-A07E8FA6F255}.Debug|x86.Build.0 = Debug|Any CPU
		{F81ABC50-C5E7-4A50-A7D2-A07E8FA6F255}.Release|Any CPU.ActiveCfg = Release|Any CPU
		{F81ABC50-C5E7-4A50-A7D2-A07E8FA6F255}.Release|Any CPU.Build.0 = Release|Any CPU
		{F81ABC50-C5E7-4A50-A7D2-A07E8FA6F255}.Release|x64.ActiveCfg = Release|Any CPU
		{F81ABC50-C5E7-4A50-A7D2-A07E8FA6F255}.Release|x64.Build.0 = Release|Any CPU
		{F81ABC50-C5E7-4A50-A7D2-A07E8FA6F255}.Release|x86.ActiveCfg = Release|Any CPU
		{F81ABC50-C5E7-4A50-A7D2-A07E8FA6F255}.Release|x86.Build.0 = Release|Any CPU
		{4A32BED2-0898-442B-BB0D-59A9EC642206}.Debug|Any CPU.ActiveCfg = Debug|Any CPU
		{4A32BED2-0898-442B-BB0D-59A9EC642206}.Debug|Any CPU.Build.0 = Debug|Any CPU
		{4A32BED2-0898-442B-BB0D-59A9EC642206}.Debug|x64.ActiveCfg = Debug|Any CPU
		{4A32BED2-0898-442B-BB0D-59A9EC642206}.Debug|x64.Build.0 = Debug|Any CPU
		{4A32BED2-0898-442B-BB0D-59A9EC642206}.Debug|x86.ActiveCfg = Debug|Any CPU
		{4A32BED2-0898-442B-BB0D-59A9EC642206}.Debug|x86.Build.0 = Debug|Any CPU
		{4A32BED2-0898-442B-BB0D-59A9EC642206}.Release|Any CPU.ActiveCfg = Release|Any CPU
		{4A32BED2-0898-442B-BB0D-59A9EC642206}.Release|Any CPU.Build.0 = Release|Any CPU
		{4A32BED2-0898-442B-BB0D-59A9EC642206}.Release|x64.ActiveCfg = Release|Any CPU
		{4A32BED2-0898-442B-BB0D-59A9EC642206}.Release|x64.Build.0 = Release|Any CPU
		{4A32BED2-0898-442B-BB0D-59A9EC642206}.Release|x86.ActiveCfg = Release|Any CPU
		{4A32BED2-0898-442B-BB0D-59A9EC642206}.Release|x86.Build.0 = Release|Any CPU
	EndGlobalSection
	GlobalSection(SolutionProperties) = preSolution
		HideSolutionNode = FALSE
	EndGlobalSection
EndGlobal
